lockfileVersion: 5.3

specifiers:
    "@hurricano/prettier-config": ^1.0.1
    "@hurricano/ts-config": ^1.1.0
    "@types/node": ^17.0.43
    prettier: ^2.7.1
    typescript: ^4.8.2

dependencies:
    "@hurricano/prettier-config": 1.0.1
    prettier: 2.7.1
    typescript: 4.8.2

devDependencies:
    "@hurricano/ts-config": 1.1.0
    "@types/node": 17.0.43

packages:
    /@hurricano/prettier-config/1.0.1:
        resolution: { integrity: sha512-X22LkkNthzE1eg/+w1551SBWUuFNjT924FrgJ1zUgxzdQJsc73SJozeMbsnWWTRtZh7Y0dRIOappmquRkIjE0A== }
        dev: false

    /@hurricano/ts-config/1.1.0:
        resolution: { integrity: sha512-ZVSXxfSgmHc24gXTMC8UagjMgHThac8C2u9spTt77LWWVUiipZAN4XwSBoZMlQ1NMNV4BGw1QYL1CSNLTTMmKg== }
        dev: true

    /@types/node/17.0.43:
        resolution: { integrity: sha512-jnUpgw8fL9kP2iszfIDyBQtw5Mf4/XSqy0Loc1J9pI14ejL83XcCEvSf50Gs/4ET0I9VCCDoOfufQysj0S66xA== }
        dev: true

    /prettier/2.7.1:
        resolution: { integrity: sha512-ujppO+MkdPqoVINuDFDRLClm7D78qbDt0/NR+wp5FqEZOoTNAjPHWj17QRhu7geIHJfcNhRk1XVQmF8Bp3ye+g== }
        engines: { node: ">=10.13.0" }
        hasBin: true
        dev: false

    /typescript/4.8.2:
        resolution: { integrity: sha512-C0I1UsrrDHo2fYI5oaCGbSejwX4ch+9Y5jTQELvovfmFkK3HHSZJB8MSJcWLmCUBzQBchCrZ9rMRV6GuNrvGtw== }
        engines: { node: ">=4.2.0" }
        hasBin: true
        dev: false
